{
  "lockfileVersion": 2,
  "configVersion": 1,
  "workspaces": {
    "": {
      "name": "konvoy",
      "dependencies": {
        "zod": "^4.6.5",
      },
      "devDependencies": {
        "@types/bun": "latest",
        "typescript": "^5.6.0",
        "varlock": "^1.20.0",
      },
    },
  },
  "packages": {
    "@types/bun": ["@types/bun@1.4.2", "", { "dependencies": { "bun-types": "1.4.2" } }, "sha512-GimotNn7+ZV0uVArItBbriZsR1oNf0+WTzPkdcFrzShI7k2norL0uzEaJT8T33dWr7O/c9ZDuAFQrctKCi72oQ=="],

    "@types/node": ["@types/node@26.6.2", "", { "dependencies": { "undici-types": "~8.9.0" } }, "sha512-X1P21scMv4zGKLYqjdGjaKa7COa0RKVYYZZN/NfvLQ1JegxFhdhpZG/Lyn8AXx6CDUavKAd11v6BvfpkDByK8g=="],

    "@varlock/native-helper-darwin": ["@varlock/native-helper-darwin@1.20.0", "", { "os": "darwin" }, "sha512-+AidNOGpJ63+CifPsg0wCPLaCwOunoHCazWIPekTnujzk4HTVB1iowLsWBOaAfLq6TDeSKSis2gk7M9oSlcKNA=="],

    "@varlock/native-helper-linux-arm64": ["@varlock/native-helper-linux-arm64@1.20.0", "", { "os": "linux", "cpu": "arm64" }, "sha512-W7dxyWkEuzFf+qOKNHqs5j0QOy0vW/zXrusS9i0Zt4l4oP6u0hwWqS8xV2ww6KiG2SrV+Dvrn/23fh4kTE/cCA=="],

    "@varlock/native-helper-linux-x64": ["@varlock/native-helper-linux-x64@1.20.0", "", { "os": "linux", "cpu": "x64" }, "sha512-6N6w87D4ByujoVRz0hxFH/VXNOmr9rXnp+WDdzxHa2FZirmy31wW3LoiPjIXrmriNZ9p2C5JseECEDBKsnwQcg=="],

    "@varlock/native-helper-win32-x64": ["@varlock/native-helper-win32-x64@1.20.0", "", { "os": [ "linux", "win32", ] }, "sha512-mDH00lx2h+dWmbARTnfmRu321SuZigKslUdX7dAn0/7+psShiFCx6QEWLjjyZgDPSCGVNbIM3JArC40vCTXJjw=="],

    "bun-types": ["bun-types@1.4.2", "", { "dependencies": { "@types/node": "*" } }, "sha512-bxV1FgK7yBIzjRe5zBozIM4Bem11ZJcCXSrjWRG3YWLt8yFDePu4cLjpebO8OvPeIE9trbyPF4fuj3Cia4Fj3w=="],

    "typescript": ["typescript@5.9.3", "", { "bin": { "tsc": "bin/tsc", "tsserver": "bin/tsserver" } }, "sha512-jl1vZzPDinLr9eUt3J/t7V6FgNEw9QjvBPdysz9KfQDD41fQrC2Y4vKQdiaUpFT4bXlb1RHhLpp8wtm6M5TgSw=="],

    "undici-types": ["undici-types@8.9.0", "", {}, "sha512-KTDyRTYX8sWmKXAikPHHSyc63CRPETMctyjKFupcC6OBLXT3xsN0e9aF7m+mIXutFWpUXuedtowG7iLOzp0kQg=="],

    "varlock": ["varlock@1.20.0", "", { "optionalDependencies": { "@varlock/native-helper-darwin": "1.20.0", "@varlock/native-helper-linux-arm64": "1.20.0", "@varlock/native-helper-linux-x64": "1.20.0", "@varlock/native-helper-win32-x64": "1.20.0" }, "bin": { "varlock": "bin/cli.js" } }, "sha512-MA5idJKpaQ36d90OxY4gWwWzdVKle6YUq3OI58o/j5ImCz3m8DFmonGbvixyFRhmm7sQeGcNyo8hBHc3kVLNqw=="],

    "zod": ["zod@4.6.5", "", {}, "sha512-v5l/aFXZQeai4awLbOpSoHecE9UiMrnfx75tEXLjNonXVARxQ5mOeipTjROUchszUNCqnE+hqAMujRsRHsut2Q=="],
  }
}
